// !$*UTF8*$!
{
	archiveVersion = 1;
	classes = {
	};
	objectVersion = 50;
	objects = {

/* Begin PBXBuildFile section */
		5E6FFE7117E5CFFFFD79AD34 /* Pods_SwinjectExample.framework in Frameworks */ = {isa = PBXBuildFile; fileRef = 52BB4185EB4B589ECD45C28F /* Pods_SwinjectExample.framework */; };
		F4869F2425D08CA90041C03C /* AppDelegate.swift in Sources */ = {isa = PBXBuildFile; fileRef = F4869F2325D08CA90041C03C /* AppDelegate.swift */; };
		F4869F2625D08CA90041C03C /* SceneDelegate.swift in Sources */ = {isa = PBXBuildFile; fileRef = F4869F2525D08CA90041C03C /* SceneDelegate.swift */; };
		F4869F2825D08CA90041C03C /* ViewController.swift in Sources */ = {isa = PBXBuildFile; fileRef = F4869F2725D08CA90041C03C /* ViewController.swift */; };
		F4869F2B25D08CA90041C03C /* Main.storyboard in Resources */ = {isa = PBXBuildFile; fileRef = F4869F2925D08CA90041C03C /* Main.storyboard */; };
		F4869F2D25D08CAD0041C03C /* Assets.xcassets in Resources */ = {isa = PBXBuildFile; fileRef = F4869F2C25D08CAD0041C03C /* Assets.xcassets */; };
		F4869F3025D08CAD0041C03C /* LaunchScreen.storyboard in Resources */ = {isa = PBXBuildFile; fileRef = F4869F2E25D08CAD0041C03C /* LaunchScreen.storyboard */; };
/* End PBXBuildFile section */

/* Begin PBXFileReference section */
		1DA7919CBB949FA76771FDF6 /* Pods-SwinjectExample.release.xcconfig */ = {isa = PBXFileReference; includeInIndex = 1; lastKnownFileType = text.xcconfig; name = "Pods-SwinjectExample.release.xcconfig"; path = "Target Support Files/Pods-SwinjectExample/Pods-SwinjectExample.release.xcconfig"; sourceTree = "<group>"; };
		4D17838E04A3BBD6E9FBAE6C /* Pods-SwinjectExample.debug.xcconfig */ = {isa = PBXFileReference; includeInIndex = 1; lastKnownFileType = text.xcconfig; name = "Pods-SwinjectExample.debug.xcconfig"; path = "Target Support Files/Pods-SwinjectExample/Pods-SwinjectExample.debug.xcconfig"; sourceTree = "<group>"; };
		52BB4185EB4B589ECD45C28F /* Pods_SwinjectExample.framework */ = {isa = PBXFileReference; explicitFileType = wrapper.framework; includeInIndex = 0; path = Pods_SwinjectExample.framework; sourceTree = BUILT_PRODUCTS_DIR; };
		F4869F2025D08CA90041C03C /* SwinjectExample.app */ = {isa = PBXFileReference; explicitFileType = wrapper.application; includeInIndex = 0; path = SwinjectExample.app; sourceTree = BUILT_PRODUCTS_DIR; };
		F4869F2325D08CA90041C03C /* AppDelegate.swift */ = {isa = PBXFileReference; lastKnownFileType = sourcecode.swift; path = AppDelegate.swift; sourceTree = "<group>"; };
		F4869F2525D08CA90041C03C /* SceneDelegate.swift */ = {isa = PBXFileReference; lastKnownFileType = sourcecode.swift; path = SceneDelegate.swift; sourceTree = "<group>"; };
		F4869F2725D08CA90041C03C /* ViewController.swift */ = {isa = PBXFileReference; lastKnownFileType = sourcecode.swift; path = ViewController.swift; sourceTree = "<group>"; };
		F4869F2A25D08CA90041C03C /* Base */ = {isa = PBXFileReference; lastKnownFileType = file.storyboard; name = Base; path = Base.lproj/Main.storyboard; sourceTree = "<group>"; };
		F4869F2C25D08CAD0041C03C /* Assets.xcassets */ = {isa = PBXFileReference; lastKnownFileType = folder.assetcatalog; path = Assets.xcassets; sourceTree = "<group>"; };
		F4869F2F25D08CAD0041C03C /* Base */ = {isa = PBXFileReference; lastKnownFileType = file.storyboard; name = Base; path = Base.lproj/LaunchScreen.storyboard; sourceTree = "<group>"; };
		F4869F3125D08CAD0041C03C /* Info.plist */ = {isa = PBXFileReference; lastKnownFileType = text.plist.xml; path = Info.plist; sourceTree = "<group>"; };
/* End PBXFileReference section */

/* Begin PBXFrameworksBuildPhase section */
		F4869F1D25D08CA90041C03C /* Frameworks */ = {
			isa = PBXFrameworksBuildPhase;
			buildActionMask = 2147483647;
			files = (
				5E6FFE7117E5CFFFFD79AD34 /* Pods_SwinjectExample.framework in Frameworks */,
			);
			runOnlyForDeploymentPostprocessing = 0;
		};
/* End PBXFrameworksBuildPhase section */

/* Begin PBXGroup section */
		C199ACFE021D44450E48C91A /* Pods */ = {
			isa = PBXGroup;
			children = (
				4D17838E04A3BBD6E9FBAE6C /* Pods-SwinjectExample.debug.xcconfig */,
				1DA7919CBB949FA76771FDF6 /* Pods-SwinjectExample.release.xcconfig */,
			);
			name = Pods;
			path = Pods;
			sourceTree = "<group>";
		};
		F4869F1725D08CA90041C03C = {
			isa = PBXGroup;
			children = (
				F4869F2225D08CA90041C03C /* SwinjectExample */,
				F4869F2125D08CA90041C03C /* Products */,
				C199ACFE021D44450E48C91A /* Pods */,
				FF86F75419E42FC3C0268457 /* Frameworks */,
			);
			sourceTree = "<group>";
		};
		F4869F2125D08CA90041C03C /* Products */ = {
			isa = PBXGroup;
			children = (
				F4869F2025D08CA90041C03C /* SwinjectExample.app */,
			);
			name = Products;
			sourceTree = "<group>";
		};
		F4869F2225D08CA90041C03C /* SwinjectExample */ = {
			isa = PBXGroup;
			children = (
				F4869F2325D08CA90041C03C /* AppDelegate.swift */,
				F4869F2525D08CA90041C03C /* SceneDelegate.swift */,
				F4869F2725D08CA90041C03C /* ViewController.swift */,
				F4869F2925D08CA90041C03C /* Main.storyboard */,
				F4869F2C25D08CAD0041C03C /* Assets.xcassets */,
				F4869F2E25D08CAD0041C03C /* LaunchScreen.storyboard */,
				F4869F3125D08CAD0041C03C /* Info.plist */,
			);
			path = SwinjectExample;
			sourceTree = "<group>";
		};
		FF86F75419E42FC3C0268457 /* Frameworks */ = {
			isa = PBXGroup;
			children = (
				52BB4185EB4B589ECD45C28F /* Pods_SwinjectExample.framework */,
			);
			name = Frameworks;
			sourceTree = "<group>";
		};
/* End PBXGroup section */

/* Begin PBXNativeTarget section */
		F4869F1F25D08CA90041C03C /* SwinjectExample */ = {
			isa = PBXNativeTarget;
			buildConfigurationList = F4869F3425D08CAD0041C03C /* Build configuration list for PBXNativeTarget "SwinjectExample" */;
			buildPhases = (
				D0357DE444C2231B09286452 /* [CP] Check Pods Manifest.lock */,
				F4869F1C25D08CA90041C03C /* Sources */,
				F4869F1D25D08CA90041C03C /* Frameworks */,
				F4869F1E25D08CA90041C03C /* Resources */,
				A79C44D321E9773203B9A616 /* [CP] Embed Pods Frameworks */,
			);
			buildRules = (
			);
			dependencies = (
			);
			name = SwinjectExample;
			productName = SwinjectExample;
			productReference = F4869F2025D08CA90041C03C /* SwinjectExample.app */;
			productType = "com.apple.product-type.application";
		};
/* End PBXNativeTarget section */

/* Begin PBXProject section */
		F4869F1825D08CA90041C03C /* Project object */ = {
			isa = PBXProject;
			attributes = {
				LastSwiftUpdateCheck = 1240;
				LastUpgradeCheck = 1240;
				TargetAttributes = {
					F4869F1F25D08CA90041C03C = {
						CreatedOnToolsVersion = 12.4;
					};
				};
			};
			buildConfigurationList = F4869F1B25D08CA90041C03C /* Build configuration list for PBXProject "SwinjectExample" */;
			compatibilityVersion = "Xcode 9.3";
			developmentRegion = en;
			hasScannedForEncodings = 0;
			knownRegions = (
				en,
				Base,
			);
			mainGroup = F4869F1725D08CA90041C03C;
			productRefGroup = F4869F2125D08CA90041C03C /* Products */;
			projectDirPath = "";
			projectRoot = "";
			targets = (
				F4869F1F25D08CA90041C03C /* SwinjectExample */,
			);
		};
/* End PBXProject section */

/* Begin PBXResourcesBuildPhase section */
		F4869F1E25D08CA90041C03C /* Resources */ = {
			isa = PBXResourcesBuildPhase;
			buildActionMask = 2147483647;
			files = (
				F4869F3025D08CAD0041C03C /* LaunchScreen.storyboard in Resources */,
				F4869F2D25D08CAD0041C03C /* Assets.xcassets in Resources */,
				F4869F2B25D08CA90041C03C /* Main.storyboard in Resources */,
			);
			runOnlyForDeploymentPostprocessing = 0;
		};
/* End PBXResourcesBuildPhase section */

/* Begin PBXShellScriptBuildPhase section */
		A79C44D321E9773203B9A616 /* [CP] Embed Pods Frameworks */ = {
			isa = PBXShellScriptBuildPhase;
			buildActionMask = 2147483647;
			files = (
			);
			inputFileListPaths = (
				"${PODS_ROOT}/Target Support Files/Pods-SwinjectExample/Pods-SwinjectExample-frameworks-${CONFIGURATION}-input-files.xcfilelist",
			);
			name = "[CP] Embed Pods Frameworks";
			outputFileListPaths = (
				"${PODS_ROOT}/Target Support Files/Pods-SwinjectExample/Pods-SwinjectExample-frameworks-${CONFIGURATION}-output-files.xcfilelist",
			);
			runOnlyForDeploymentPostprocessing = 0;
			shellPath = /bin/sh;
			shellScript = "\"${PODS_ROOT}/Target Support Files/Pods-SwinjectExample/Pods-SwinjectExample-frameworks.sh\"\n";
			showEnvVarsInLog = 0;
		};
		D0357DE444C2231B09286452 /* [CP] Check Pods Manifest.lock */ = {
			isa = PBXShellScriptBuildPhase;
			buildActionMask = 2147483647;
			files = (
			);
			inputFileListPaths = (
			);
			inputPaths = (
				"${PODS_PODFILE_DIR_PATH}/Podfile.lock",
				"${PODS_ROOT}/Manifest.lock",
			);
			name = "[CP] Check Pods Manifest.lock";
			outputFileListPaths = (
			);
			outputPaths = (
				"$(DERIVED_FILE_DIR)/Pods-SwinjectExample-checkManifestLockResult.txt",
			);
			runOnlyForDeploymentPostprocessing = 0;
			shellPath = /bin/sh;
			shellScript = "diff \"${PODS_PODFILE_DIR_PATH}/Podfile.lock\" \"${PODS_ROOT}/Manifest.lock\" > /dev/null\nif [ $? != 0 ] ; then\n    # print error to STDERR\n    echo \"error: The sandbox is not in sync with the Podfile.lock. Run 'pod install' or update your CocoaPods installation.\" >&2\n    exit 1\nfi\n# This output is used by Xcode 'outputs' to avoid re-running this script phase.\necho \"SUCCESS\" > \"${SCRIPT_OUTPUT_FILE_0}\"\n";
			showEnvVarsInLog = 0;
		};
/* End PBXShellScriptBuildPhase section */

/* Begin PBXSourcesBuildPhase section */
		F4869F1C25D08CA90041C03C /* Sources */ = {
			isa = PBXSourcesBuildPhase;
			buildActionMask = 2147483647;
			files = (
				F4869F2825D08CA90041C03C /* ViewController.swift in Sources */,
				F4869F2425D08CA90041C03C /* AppDelegate.swift in Sources */,
				F4869F2625D08CA90041C03C /* SceneDelegate.swift in Sources */,
			);
			runOnlyForDeploymentPostprocessing = 0;
		};
/* End PBXSourcesBuildPhase section */

/* Begin PBXVariantGroup section */
		F4869F2925D08CA90041C03C /* Main.storyboard */ = {
			isa = PBXVariantGroup;
			children = (
				F4869F2A25D08CA90041C03C /* Base */,
			);
			name = Main.storyboard;
			sourceTree = "<group>";
		};
		F4869F2E25D08CAD0041C03C /* LaunchScreen.storyboard */ = {
			isa = PBXVariantGroup;
			children = (
				F4869F2F25D08CAD0041C03C /* Base */,
			);
			name = LaunchScreen.storyboard;
			sourceTree = "<group>";
		};
/* End PBXVariantGroup section */

/* Begin XCBuildConfiguration section */
		F4869F3225D08CAD0041C03C /* Debug */ = {
			isa = XCBuildConfiguration;
			buildSettings = {
				ALWAYS_SEARCH_USER_PATHS = NO;
				CLANG_ANALYZER_NONNULL = YES;
				CLANG_ANALYZER_NUMBER_OBJECT_CONVERSION = YES_AGGRESSIVE;
				CLANG_CXX_LANGUAGE_STANDARD = "gnu++14";
				CLANG_CXX_LIBRARY = "libc++";
				CLANG_ENABLE_MODULES = YES;
				CLANG_ENABLE_OBJC_ARC = YES;
				CLANG_ENABLE_OBJC_WEAK = YES;
				CLANG_WARN_BLOCK_CAPTURE_AUTORELEASING = YES;
				CLANG_WARN_BOOL_CONVERSION = YES;
				CLANG_WARN_COMMA = YES;
				CLANG_WARN_CONSTANT_CONVERSION = YES;
				CLANG_WARN_DEPRECATED_OBJC_IMPLEMENTATIONS = YES;
				CLANG_WARN_DIRECT_OBJC_ISA_USAGE = YES_ERROR;
				CLANG_WARN_DOCUMENTATION_COMMENTS = YES;
				CLANG_WARN_EMPTY_BODY = YES;
				CLANG_WARN_ENUM_CONVERSION = YES;
				CLANG_WARN_INFINITE_RECURSION = YES;
				CLANG_WARN_INT_CONVERSION = YES;
				CLANG_WARN_NON_LITERAL_NULL_CONVERSION = YES;
				CLANG_WARN_OBJC_IMPLICIT_RETAIN_SELF = YES;
				CLANG_WARN_OBJC_LITERAL_CONVERSION = YES;
				CLANG_WARN_OBJC_ROOT_CLASS = YES_ERROR;
				CLANG_WARN_QUOTED_INCLUDE_IN_FRAMEWORK_HEADER = YES;
				CLANG_WARN_RANGE_LOOP_ANALYSIS = YES;
				CLANG_WARN_STRICT_PROTOTYPES = YES;
				CLANG_WARN_SUSPICIOUS_MOVE = YES;
				CLANG_WARN_UNGUARDED_AVAILABILITY = YES_AGGRESSIVE;
				CLANG_WARN_UNREACHABLE_CODE = YES;
				CLANG_WARN__DUPLICATE_METHOD_MATCH = YES;
				COPY_PHASE_STRIP = NO;
				DEBUG_INFORMATION_FORMAT = dwarf;
				ENABLE_STRICT_OBJC_MSGSEND = YES;
				ENABLE_TESTABILITY = YES;
				GCC_C_LANGUAGE_STANDARD = gnu11;
				GCC_DYNAMIC_NO_PIC = NO;
				GCC_NO_COMMON_BLOCKS = YES;
				GCC_OPTIMIZATION_LEVEL = 0;
				GCC_PREPROCESSOR_DEFINITIONS = (
					"DEBUG=1",
					"$(inherited)",
				);
				GCC_WARN_64_TO_32_BIT_CONVERSION = YES;
				GCC_WARN_ABOUT_RETURN_TYPE = YES_ERROR;
				GCC_WARN_UNDECLARED_SELECTOR = YES;
				GCC_WARN_UNINITIALIZED_AUTOS = YES_AGGRESSIVE;
				GCC_WARN_UNUSED_FUNCTION = YES;
				GCC_WARN_UNUSED_VARIABLE = YES;
				IPHONEOS_DEPLOYMENT_TARGET = 14.4;
				MTL_ENABLE_DEBUG_INFO = INCLUDE_SOURCE;
				MTL_FAST_MATH = YES;
				ONLY_ACTIVE_ARCH = YES;
				SDKROOT = iphoneos;
				SWIFT_ACTIVE_COMPILATION_CONDITIONS = DEBUG;
				SWIFT_OPTIMIZATION_LEVEL = "-Onone";
			};
			name = Debug;
		};
		F4869F3325D08CAD0041C03C /* Release */ = {
			isa = XCBuildConfiguration;
			buildSettings = {
				ALWAYS_SEARCH_USER_PATHS = NO;
				CLANG_ANALYZER_NONNULL = YES;
				CLANG_ANALYZER_NUMBER_OBJECT_CONVERSION = YES_AGGRESSIVE;
				CLANG_CXX_LANGUAGE_STANDARD = "gnu++14";
				CLANG_CXX_LIBRARY = "libc++";
				CLANG_ENABLE_MODULES = YES;
				CLANG_ENABLE_OBJC_ARC = YES;
				CLANG_ENABLE_OBJC_WEAK = YES;
				CLANG_WARN_BLOCK_CAPTURE_AUTORELEASING = YES;
				CLANG_WARN_BOOL_CONVERSION = YES;
				CLANG_WARN_COMMA = YES;
				CLANG_WARN_CONSTANT_CONVERSION = YES;
				CLANG_WARN_DEPRECATED_OBJC_IMPLEMENTATIONS = YES;
				CLANG_WARN_DIRECT_OBJC_ISA_USAGE = YES_ERROR;
				CLANG_WARN_DOCUMENTATION_COMMENTS = YES;
				CLANG_WARN_EMPTY_BODY = YES;
				CLANG_WARN_ENUM_CONVERSION = YES;
				CLANG_WARN_INFINITE_RECURSION = YES;
				CLANG_WARN_INT_CONVERSION = YES;
				CLANG_WARN_NON_LITERAL_NULL_CONVERSION = YES;
				CLANG_WARN_OBJC_IMPLICIT_RETAIN_SELF = YES;
				CLANG_WARN_OBJC_LITERAL_CONVERSION = YES;
				CLANG_WARN_OBJC_ROOT_CLASS = YES_ERROR;
				CLANG_WARN_QUOTED_INCLUDE_IN_FRAMEWORK_HEADER = YES;
				CLANG_WARN_RANGE_LOOP_ANALYSIS = YES;
				CLANG_WARN_STRICT_PROTOTYPES = YES;
				CLANG_WARN_SUSPICIOUS_MOVE = YES;
				CLANG_WARN_UNGUARDED_AVAILABILITY = YES_AGGRESSIVE;
				CLANG_WARN_UNREACHABLE_CODE = YES;
				CLANG_WARN__DUPLICATE_METHOD_MATCH = YES;
				COPY_PHASE_STRIP = NO;
				DEBUG_INFORMATION_FORMAT = "dwarf-with-dsym";
				ENABLE_NS_ASSERTIONS = NO;
				ENABLE_STRICT_OBJC_MSGSEND = YES;
				GCC_C_LANGUAGE_STANDARD = gnu11;
				GCC_NO_COMMON_BLOCKS = YES;
				GCC_WARN_64_TO_32_BIT_CONVERSION = YES;
				GCC_WARN_ABOUT_RETURN_TYPE = YES_ERROR;
				GCC_WARN_UNDECLARED_SELECTOR = YES;
				GCC_WARN_UNINITIALIZED_AUTOS = YES_AGGRESSIVE;
				GCC_WARN_UNUSED_FUNCTION = YES;
				GCC_WARN_UNUSED_VARIABLE = YES;
				IPHONEOS_DEPLOYMENT_TARGET = 14.4;
				MTL_ENABLE_DEBUG_INFO = NO;
				MTL_FAST_MATH = YES;
				SDKROOT = iphoneos;
				SWIFT_COMPILATION_MODE = wholemodule;
				SWIFT_OPTIMIZATION_LEVEL = "-O";
				VALIDATE_PRODUCT = YES;
			};
			name = Release;
		};
		F4869F3525D08CAD0041C03C /* Debug */ = {
			isa = XCBuildConfiguration;
			baseConfigurationReference = 4D17838E04A3BBD6E9FBAE6C /* Pods-SwinjectExample.debug.xcconfig */;
			buildSettings = {
				ASSETCATALOG_COMPILER_APPICON_NAME = AppIcon;
				ASSETCATALOG_COMPILER_GLOBAL_ACCENT_COLOR_NAME = AccentColor;
				CODE_SIGN_STYLE = Automatic;
				INFOPLIST_FILE = SwinjectExample/Info.plist;
				LD_RUNPATH_SEARCH_PATHS = (
					"$(inherited)",
					"@executable_path/Frameworks",
				);
				PRODUCT_BUNDLE_IDENTIFIER = "com.s-garbalinschi.SwinjectExample";
				PRODUCT_NAME = "$(TARGET_NAME)";
				SWIFT_VERSION = 5.0;
				TARGETED_DEVICE_FAMILY = "1,2";
			};
			name = Debug;
		};
		F4869F3625D08CAD0041C03C /* Release */ = {
			isa = XCBuildConfiguration;
			baseConfigurationReference = 1DA7919CBB949FA76771FDF6 /* Pods-SwinjectExample.release.xcconfig */;
			buildSettings = {
				ASSETCATALOG_COMPILER_APPICON_NAME = AppIcon;
				ASSETCATALOG_COMPILER_GLOBAL_ACCENT_COLOR_NAME = AccentColor;
				CODE_SIGN_STYLE = Automatic;
				INFOPLIST_FILE = SwinjectExample/Info.plist;
				LD_RUNPATH_SEARCH_PATHS = (
					"$(inherited)",
					"@executable_path/Frameworks",
				);
				PRODUCT_BUNDLE_IDENTIFIER = "com.s-garbalinschi.SwinjectExample";
				PRODUCT_NAME = "$(TARGET_NAME)";
				SWIFT_VERSION = 5.0;
				TARGETED_DEVICE_FAMILY = "1,2";
			};
			name = Release;
		};
/* End XCBuildConfiguration section */

/* Begin XCConfigurationList section */
		F4869F1B25D08CA90041C03C /* Build configuration list for PBXProject "SwinjectExample" */ = {
			isa = XCConfigurationList;
			buildConfigurations = (
				F4869F3225D08CAD0041C03C /* Debug */,
				F4869F3325D08CAD0041C03C /* Release */,
			);
			defaultConfigurationIsVisible = 0;
			defaultConfigurationName = Release;
		};
		F4869F3425D08CAD0041C03C /* Build configuration list for PBXNativeTarget "SwinjectExample" */ = {
			isa = XCConfigurationList;
			buildConfigurations = (
				F4869F3525D08CAD0041C03C /* Debug */,
				F4869F3625D08CAD0041C03C /* Release */,
			);
			defaultConfigurationIsVisible = 0;
			defaultConfigurationName = Release;
		};
/* End XCConfigurationList section */
	};
	rootObject = F4869F1825D08CA90041C03C /* Project object */;
}
